
Microsoft Visual Studio Solution File, Format Version 12.00
# Visual Studio Version 17
VisualStudioVersion = 17.7.34018.315
MinimumVisualStudioVersion = 10.0.40219.1
Project("{9A19103F-16F7-4668-BE54-9A1E7A4F7556}") = "TransportWebApplication", "TransportWebApplication.csproj", "{D97F7A3F-69A3-4773-B8A8-07B85A6E89F9}"
EndProject
Global
	GlobalSection(SolutionConfigurationPlatforms) = preSolution
		Debug|Any CPU = Debug|Any CPU
		Release|Any CPU = Release|Any CPU
	EndGlobalSection
	GlobalSection(ProjectConfigurationPlatforms) = postSolution
		{D97F7A3F-69A3-4773-B8A8-07B85A6E89F9}.Debug|Any CPU.ActiveCfg = Debug|Any CPU
		{D97F7A3F-69A3-4773-B8A8-07B85A6E89F9}.Debug|Any CPU.Build.0 = Debug|Any CPU
		{D97F7A3F-69A3-4773-B8A8-07B85A6E89F9}.Release|Any CPU.ActiveCfg = Release|Any CPU
		{D97F7A3F-69A3-4773-B8A8-07B85A6E89F9}.Release|Any CPU.Build.0 = Release|Any CPU
	EndGlobalSection
	GlobalSection(SolutionProperties) = preSolution
		HideSolutionNode = FALSE
	EndGlobalSection
	GlobalSection(ExtensibilityGlobals) = postSolution
		SolutionGuid = {AF75FE46-0BCA-4B09-9B66-24CE1767FD1D}
	EndGlobalSection
EndGlobal
